
Microsoft Visual Studio Solution File, Format Version 12.00
# Visual Studio Version 17
VisualStudioVersion = 17.4.33213.308
MinimumVisualStudioVersion = 10.0.40219.1
Project("{FAE04EC0-301F-11D3-BF4B-00C04F79EFBC}") = "ConversorTemperatura", "ConversorTemperatura\ConversorTemperatura.csproj", "{A865ADF6-80E9-441C-BD73-342D4E3B4C2B}"
EndProject
Global
	GlobalSection(SolutionConfigurationPlatforms) = preSolution
		Debug|Any CPU = Debug|Any CPU
		Release|Any CPU = Release|Any CPU
	EndGlobalSection
	GlobalSection(ProjectConfigurationPlatforms) = postSolution
		{A865ADF6-80E9-441C-BD73-342D4E3B4C2B}.Debug|Any CPU.ActiveCfg = Debug|Any CPU
		{A865ADF6-80E9-441C-BD73-342D4E3B4C2B}.Debug|Any CPU.Build.0 = Debug|Any CPU
		{A865ADF6-80E9-441C-BD73-342D4E3B4C2B}.Release|Any CPU.ActiveCfg = Release|Any CPU
		{A865ADF6-80E9-441C-BD73-342D4E3B4C2B}.Release|Any CPU.Build.0 = Release|Any CPU
	EndGlobalSection
	GlobalSection(SolutionProperties) = preSolution
		HideSolutionNode = FALSE
	EndGlobalSection
	GlobalSection(ExtensibilityGlobals) = postSolution
		SolutionGuid = {006B0514-79EE-476D-845F-613397F5B840}
	EndGlobalSection
EndGlobal
